
Microsoft Visual Studio Solution File, Format Version 12.00
# Visual Studio 14
VisualStudioVersion = 14.0.25420.1
MinimumVisualStudioVersion = 10.0.40219.1
Project("{FAE04EC0-301F-11D3-BF4B-00C04F79EFBC}") = "DesignPatterns", "DesignPatterns\DesignPatterns.csproj", "{64E70C4B-B419-4754-898D-8B1227208C07}"
EndProject
Project("{2150E333-8FDC-42A3-9474-1A3956D46DE8}") = "01-Adapter(适配器模式)", "01-Adapter(适配器模式)", "{DD9174FB-6971-49F8-AFD1-C63FA7648501}"
EndProject
Project("{FAE04EC0-301F-11D3-BF4B-00C04F79EFBC}") = "AdapterPattern", "AdapterPattern\AdapterPattern.csproj", "{0F9814B0-5930-424A-93FE-F5401318F4CA}"
EndProject
Project("{2150E333-8FDC-42A3-9474-1A3956D46DE8}") = "02-Proxy(代理模式)", "02-Proxy(代理模式)", "{2EDAE8A7-9622-42BE-BCE4-3F1F5E03DB1C}"
EndProject
Project("{FAE04EC0-301F-11D3-BF4B-00C04F79EFBC}") = "ProxyPattern", "ProxyPattern\ProxyPattern.csproj", "{0F195172-CCC7-4548-BDC0-8AB658635AB5}"
EndProject
Project("{2150E333-8FDC-42A3-9474-1A3956D46DE8}") = "03-Strategy(策略模式)", "03-Strategy(策略模式)", "{2C762410-6970-473A-BA7E-4CE68980C3DA}"
EndProject
Project("{FAE04EC0-301F-11D3-BF4B-00C04F79EFBC}") = "StrategyPattern", "StrategyPattern\StrategyPattern.csproj", "{D3BE038E-C431-4F37-BF0B-95F7B91D5501}"
EndProject
Project("{2150E333-8FDC-42A3-9474-1A3956D46DE8}") = "04-Observer(观察者模式)", "04-Observer(观察者模式)", "{31DCAE9A-53C4-4FE1-AA76-3B6260424CE4}"
EndProject
Project("{FAE04EC0-301F-11D3-BF4B-00C04F79EFBC}") = "ObserverPattern", "ObserverPattern\ObserverPattern.csproj", "{FC7B5969-2514-44E4-A964-2460CCECE308}"
EndProject
Project("{2150E333-8FDC-42A3-9474-1A3956D46DE8}") = "05-PC(生产者与消费者模式)", "05-PC(生产者与消费者模式)", "{3EA049A9-6FC0-4CA7-9C26-713AA7B1E16A}"
EndProject
Project("{FAE04EC0-301F-11D3-BF4B-00C04F79EFBC}") = "ProducerAndConsumer", "ProducerAndConsumer\ProducerAndConsumer.csproj", "{266DE878-D73F-4C45-B3DD-036FB9BEEDAC}"
EndProject
Project("{2150E333-8FDC-42A3-9474-1A3956D46DE8}") = "06-Singleton(单例模式)", "06-Singleton(单例模式)", "{E3716009-E2D6-4E74-9456-DC105390F340}"
EndProject
Project("{FAE04EC0-301F-11D3-BF4B-00C04F79EFBC}") = "SingletonPatterns", "SingletonPatterns\SingletonPatterns.csproj", "{4B59AE9E-CBB4-4007-86EA-8022528BA16A}"
EndProject
Project("{2150E333-8FDC-42A3-9474-1A3956D46DE8}") = "07-面试题", "07-面试题", "{239A00CA-10CF-437A-A94F-F0B1A6194A68}"
EndProject
Project("{FAE04EC0-301F-11D3-BF4B-00C04F79EFBC}") = "Interview", "Interview\Interview.csproj", "{C965D17C-E47A-4AE4-AD13-5273E3111174}"
EndProject
Project("{2150E333-8FDC-42A3-9474-1A3956D46DE8}") = "08-常用算法", "08-常用算法", "{6C0C0DD2-57D6-49C6-BD28-AB87229FB0D0}"
EndProject
Project("{FAE04EC0-301F-11D3-BF4B-00C04F79EFBC}") = "Algorithm", "Algorithm\Algorithm.csproj", "{A4C33AD7-E4CD-4620-AED6-8DFDFDF26C78}"
EndProject
Project("{2150E333-8FDC-42A3-9474-1A3956D46DE8}") = "09-AbstractFactory(抽象工厂模式)", "09-AbstractFactory(抽象工厂模式)", "{3224CCC3-3532-4170-8E95-9EB37C4DF1E0}"
EndProject
Project("{FAE04EC0-301F-11D3-BF4B-00C04F79EFBC}") = "AbstractFactoryPatterns", "AbstractFactoryPatterns\AbstractFactoryPatterns.csproj", "{D3826652-D714-4892-868B-5022CAD33B15}"
EndProject
Project("{2150E333-8FDC-42A3-9474-1A3956D46DE8}") = "10-Aop", "10-Aop", "{9E72FF51-803F-470B-9AC9-B0821990CA9F}"
EndProject
Project("{FAE04EC0-301F-11D3-BF4B-00C04F79EFBC}") = "AopPatterns", "AopPatterns\AopPatterns.csproj", "{19B5FF55-C1DB-4C8C-AB2E-63B682BA8553}"
EndProject
Project("{2150E333-8FDC-42A3-9474-1A3956D46DE8}") = "11-通用数据提供程序集", "11-通用数据提供程序集", "{AC0B9422-35BB-45E3-A19F-516ADC5A8310}"
EndProject
Project("{2150E333-8FDC-42A3-9474-1A3956D46DE8}") = "12-数据库访问", "12-数据库访问", "{F9D61C01-E3B5-472D-B0F9-59D04D8D1FB1}"
EndProject
Project("{2150E333-8FDC-42A3-9474-1A3956D46DE8}") = "13-常用帮助类", "13-常用帮助类", "{2BB11AE2-D56F-4C51-A855-786C1EE6A5BD}"
EndProject
Project("{FAE04EC0-301F-11D3-BF4B-00C04F79EFBC}") = "HeplerPatterns", "HeplerPatterns\HeplerPatterns.csproj", "{F1C3AB58-BD2D-460B-B184-DE0DB53AE2EF}"
EndProject
Project("{FAE04EC0-301F-11D3-BF4B-00C04F79EFBC}") = "DataPatterns", "DataPatterns\DataPatterns.csproj", "{35F32078-2192-4436-962C-5B71690A4C36}"
EndProject
Project("{FAE04EC0-301F-11D3-BF4B-00C04F79EFBC}") = "Common.Net.Helper", "Common.Net.Helper\Common.Net.Helper.csproj", "{00A88BDB-DD25-4AE0-B7F3-A9ACC7CEB4A8}"
EndProject
Project("{FAE04EC0-301F-11D3-BF4B-00C04F79EFBC}") = "Common.Net.Func", "Common.Net.Func\Common.Net.Func.csproj", "{1E8B0B24-3319-4729-BFDD-B305CDFBD64B}"
EndProject
Project("{FAE04EC0-301F-11D3-BF4B-00C04F79EFBC}") = "Common.Net.Core", "Common.Net.Core\Common.Net.Core.csproj", "{FA52BB9E-8BDC-4F1C-AB80-0C640BE5C7CA}"
EndProject
Project("{2150E333-8FDC-42A3-9474-1A3956D46DE8}") = "14-WCF应用", "14-WCF应用", "{545EDD86-DD75-41A7-9F76-B6F056B1A95D}"
EndProject
Project("{FAE04EC0-301F-11D3-BF4B-00C04F79EFBC}") = "WCF.Entity", "WCF.Entity\WCF.Entity.csproj", "{B9833D73-AFA4-4DF7-B002-263F0BD883FD}"
EndProject
Project("{FAE04EC0-301F-11D3-BF4B-00C04F79EFBC}") = "Climb.DbProvider", "Climb.DbProvider\Climb.DbProvider.csproj", "{8D732572-2410-4F57-83E4-B90A748B66DC}"
EndProject
Project("{FAE04EC0-301F-11D3-BF4B-00C04F79EFBC}") = "WCF.Host", "WCF.Host\WCF.Host.csproj", "{48E172EF-58AD-437B-AD2E-BA115E17EBDF}"
EndProject
Project("{FAE04EC0-301F-11D3-BF4B-00C04F79EFBC}") = "WCF.Service", "WCF.Service\WCF.Service.csproj", "{03FC6468-34C1-445A-92A8-BD1D1A3EDBED}"
EndProject
Project("{FAE04EC0-301F-11D3-BF4B-00C04F79EFBC}") = "WCF.Client", "WCF.Client\WCF.Client.csproj", "{0B980AC1-EDC9-4F2A-82CC-10C4A85E301A}"
EndProject
Project("{2150E333-8FDC-42A3-9474-1A3956D46DE8}") = "15-魔方格Climb项目", "15-魔方格Climb项目", "{9B2C74ED-CCF3-4965-83B4-10A832D3645F}"
EndProject
Project("{FAE04EC0-301F-11D3-BF4B-00C04F79EFBC}") = "Climb.Core", "15-MoFangGe\Climb.Core\Climb.Core.csproj", "{E083C93A-C7CE-4232-BB3E-8B0445ED44ED}"
EndProject
Project("{FAE04EC0-301F-11D3-BF4B-00C04F79EFBC}") = "Climb.Data", "15-MoFangGe\Climb.Data\Climb.Data.csproj", "{8F157CAB-B96F-4C4D-A872-47BE38ADE2AA}"
EndProject
Project("{FAE04EC0-301F-11D3-BF4B-00C04F79EFBC}") = "Climb.Encrypt", "15-MoFangGe\Climb.Encrypt\Climb.Encrypt.csproj", "{ED578CFD-B553-4C43-91F0-A7138E3E3A23}"
EndProject
Project("{FAE04EC0-301F-11D3-BF4B-00C04F79EFBC}") = "Climb.ExpressionHelper", "15-MoFangGe\Climb.ExpressionHelper\Climb.ExpressionHelper.csproj", "{A1B94441-30CF-4471-8DA7-EF0265184623}"
EndProject
Project("{FAE04EC0-301F-11D3-BF4B-00C04F79EFBC}") = "Climb.OfficeUtility", "15-MoFangGe\Climb.OfficeUtility\Climb.OfficeUtility.csproj", "{2675812C-DFE1-4EDE-9B33-37EE0C714B26}"
EndProject
Project("{FAE04EC0-301F-11D3-BF4B-00C04F79EFBC}") = "Climb.Tools", "15-MoFangGe\Climb.Tools\Climb.Tools.csproj", "{7E4CCB98-8F8E-4400-9814-C2FE7C5280F4}"
EndProject
Project("{FAE04EC0-301F-11D3-BF4B-00C04F79EFBC}") = "Climb.WebUtility", "15-MoFangGe\Climb.WebUtility\Climb.WebUtility.csproj", "{58C237DD-C805-4DE7-80DB-974F62EA1895}"
EndProject
Project("{FAE04EC0-301F-11D3-BF4B-00C04F79EFBC}") = "Mfg.Resource.Comm", "15-MoFangGe\Mfg.Resource.Comm\Mfg.Resource.Comm.csproj", "{635F676F-D314-48CD-A6D9-6F7E9CF13047}"
EndProject
Project("{FAE04EC0-301F-11D3-BF4B-00C04F79EFBC}") = "UnitTestProject1", "15-MoFangGe\UnitTestProject1\UnitTestProject1.csproj", "{2FD84C66-477B-40CD-986E-FFB1B89DDE54}"
EndProject
Project("{FAE04EC0-301F-11D3-BF4B-00C04F79EFBC}") = "Climb.Utilitys", "15-MoFangGe\Utility\Climb.Utilitys.csproj", "{2553627E-B8D7-4DB7-BA77-053E793D8191}"
EndProject
Project("{2150E333-8FDC-42A3-9474-1A3956D46DE8}") = "99-魔方格小程序", "99-魔方格小程序", "{95044AAF-5C4F-4EE5-9B9A-5205FD229E9C}"
EndProject
Project("{FAE04EC0-301F-11D3-BF4B-00C04F79EFBC}") = "更新主知识点", "99-MFGSmall\更新主知识点\更新主知识点.csproj", "{AA3AF3AB-6C8A-49A6-AD07-7EAE0D1539B6}"
EndProject
Project("{FAE04EC0-301F-11D3-BF4B-00C04F79EFBC}") = "Common.Net.DbProvider", "Common.Net.DbProvider\Common.Net.DbProvider.csproj", "{0AE55D16-5A0E-487A-B0C8-51FF0012D57D}"
EndProject
Project("{FAE04EC0-301F-11D3-BF4B-00C04F79EFBC}") = "Common.DB.MongoDB", "Common.DB.MongoDB\Common.DB.MongoDB.csproj", "{A6A22B02-D007-4738-9C6A-D8E6DD67D132}"
EndProject
Project("{FAE04EC0-301F-11D3-BF4B-00C04F79EFBC}") = "Common.Net.Utility", "Common.Net.Utility\Common.Net.Utility.csproj", "{0F4BB0E9-1A2B-4097-BC2E-7795E09B8531}"
EndProject
Project("{2150E333-8FDC-42A3-9474-1A3956D46DE8}") = "98-文档资料", "98-文档资料", "{0E5472B3-7330-462B-A8F1-7A91929AA439}"
	ProjectSection(SolutionItems) = preProject
		98-Doc\常用地址.txt = 98-Doc\常用地址.txt
	EndProjectSection
EndProject
Project("{2150E333-8FDC-42A3-9474-1A3956D46DE8}") = "88-数据处理程序", "88-数据处理程序", "{DE448DD8-D645-4209-A465-75AA7BDEEC92}"
EndProject
Project("{FAE04EC0-301F-11D3-BF4B-00C04F79EFBC}") = "ZxxkConsole", "88-DataDeal\ZxxkConsole\ZxxkConsole.csproj", "{27E950A1-303C-402B-9844-F282773E08C6}"
EndProject
Project("{2150E333-8FDC-42A3-9474-1A3956D46DE8}") = "16-MVC程序", "16-MVC程序", "{047DA998-D0D4-42F1-A0B2-2C3F847CC206}"
EndProject
Project("{FAE04EC0-301F-11D3-BF4B-00C04F79EFBC}") = "MvcPatterns", "16-MVC\MvcPatterns\MvcPatterns.csproj", "{90B23636-C8F3-4A0B-8244-129937B59DF9}"
EndProject
Project("{FAE04EC0-301F-11D3-BF4B-00C04F79EFBC}") = "Artech.Transactions", "Artech.Transactions\Artech.Transactions.csproj", "{38521221-C6D6-493C-A346-D591CA552D13}"
EndProject
Project("{2150E333-8FDC-42A3-9474-1A3956D46DE8}") = "17-Repository模式", "17-Repository模式", "{00F38FB8-6187-491E-AE34-C49105CE3D27}"
EndProject
Project("{FAE04EC0-301F-11D3-BF4B-00C04F79EFBC}") = "RepositoryConsole", "17-PatternsRepository\RepositoryConsole\RepositoryConsole.csproj", "{668D376F-2FD2-498F-9329-7BB32C61E48C}"
EndProject
Project("{FAE04EC0-301F-11D3-BF4B-00C04F79EFBC}") = "Repo.Demo.Model", "17-PatternsRepository\Repo.Demo.Model\Repo.Demo.Model.csproj", "{9AB15F37-D2BE-4A50-8434-0D4CA1A3462D}"
EndProject
Project("{FAE04EC0-301F-11D3-BF4B-00C04F79EFBC}") = "Repo.Demo.Dal", "17-PatternsRepository\Repo.Demo.Dal\Repo.Demo.Dal.csproj", "{D7591650-0FDD-415E-A3BD-42FD5659C9E9}"
EndProject
Project("{FAE04EC0-301F-11D3-BF4B-00C04F79EFBC}") = "Common.DB.MySql", "Common.DB.MySql\Common.DB.MySql.csproj", "{3EEE7056-A137-4313-8D8F-F6B77B50FE29}"
EndProject
Project("{2150E333-8FDC-42A3-9474-1A3956D46DE8}") = "18-线程使用", "18-线程使用", "{87491050-D4C8-448B-A0C0-AB97191CB52F}"
EndProject
Project("{FAE04EC0-301F-11D3-BF4B-00C04F79EFBC}") = "TestProject.Tasks", "TestProject.Tasks\TestProject.Tasks.csproj", "{B8389EB9-911A-4A27-9B01-6DA397272243}"
EndProject
Project("{FAE04EC0-301F-11D3-BF4B-00C04F79EFBC}") = "Common.Net.Log", "Common.Net.Log\Common.Net.Log.csproj", "{DADBC82F-85C6-4FC6-B2F8-A5EDC983D7A6}"
EndProject
Project("{FAE04EC0-301F-11D3-BF4B-00C04F79EFBC}") = "Common.Net.Json", "Common.Net.Json\Common.Net.Json.csproj", "{A80E7F8F-4772-4C3D-8DB0-D093A993A898}"
EndProject
Project("{FAE04EC0-301F-11D3-BF4B-00C04F79EFBC}") = "Common.Net.Security", "Common.Net.Security\Common.Net.Security.csproj", "{FCDF5F9D-0120-4338-8907-810EADA41ECE}"
EndProject
Project("{2150E333-8FDC-42A3-9474-1A3956D46DE8}") = "19-ThriftRpc", "19-ThriftRpc", "{2D306B81-5791-49E8-B3BC-80115CDD8D1B}"
EndProject
Project("{FAE04EC0-301F-11D3-BF4B-00C04F79EFBC}") = "Thrift.Server", "Thrift.Server\Thrift.Server.csproj", "{7AC954FE-7B16-4573-9D31-470710E01946}"
EndProject
Project("{FAE04EC0-301F-11D3-BF4B-00C04F79EFBC}") = "Thrift.Protocol", "Thrift.Protocol\Thrift.Protocol.csproj", "{3DE167EC-3378-4674-9A00-FB0144B5A196}"
EndProject
Project("{FAE04EC0-301F-11D3-BF4B-00C04F79EFBC}") = "Thrift.Transport", "Thrift.Transport\Thrift.Transport.csproj", "{9BB88D1C-EE34-4B14-A20E-F35E9F6AE999}"
EndProject
Project("{FAE04EC0-301F-11D3-BF4B-00C04F79EFBC}") = "Thrift", "Thrift\Thrift.csproj", "{499EB63C-D74C-47E8-AE48-A2FC94538E9D}"
EndProject
Project("{FAE04EC0-301F-11D3-BF4B-00C04F79EFBC}") = "Thrift.TestServer", "Thrift.TestServer\Thrift.TestServer.csproj", "{CD20B64B-6936-4858-892B-BC379F3F65AC}"
EndProject
Project("{FAE04EC0-301F-11D3-BF4B-00C04F79EFBC}") = "Thrift.TestClient", "Thrift.TestClient\Thrift.TestClient.csproj", "{9956237A-1732-4273-A8A4-921155759B34}"
EndProject
Project("{FAE04EC0-301F-11D3-BF4B-00C04F79EFBC}") = "ThriftTest", "D:\win7我的文档-桌面-收藏夹\Desktop\csharp\test\ThriftTest\ThriftTest.csproj", "{48DD757F-CA95-4DD7-BDA4-58DB6F108C2C}"
EndProject
Project("{FAE04EC0-301F-11D3-BF4B-00C04F79EFBC}") = "Common.Net.Excel", "Common.Net.Excel\Common.Net.Excel.csproj", "{E51EE8BD-713C-4EA3-B02A-2FAB5F010B44}"
EndProject
Project("{FAE04EC0-301F-11D3-BF4B-00C04F79EFBC}") = "Climj.Loogn", "Climj.Loogn\Climj.Loogn.csproj", "{1FB1B10E-C08C-4886-87D7-3F2FEACF37E9}"
EndProject
Project("{2150E333-8FDC-42A3-9474-1A3956D46DE8}") = "20-反转与注入", "20-反转与注入", "{98E44B19-699B-4754-946F-745E78586976}"
EndProject
Project("{FAE04EC0-301F-11D3-BF4B-00C04F79EFBC}") = "ConsoleAppDI", "ConsoleAppDI\ConsoleAppDI.csproj", "{FACE1705-8A36-4A83-B87D-263545859A30}"
EndProject
Project("{FAE04EC0-301F-11D3-BF4B-00C04F79EFBC}") = "Common.Net.Plugins", "Common.Net.Plugins\Common.Net.Plugins.csproj", "{E226971D-8F14-45BB-AA8C-8CB4BB4FA671}"
EndProject
Project("{FAE04EC0-301F-11D3-BF4B-00C04F79EFBC}") = "Zxxk.OpenApiClient", "Zxxk.OpenApiClient\Zxxk.OpenApiClient.csproj", "{70998424-3BE6-4E15-B75C-2F512C64DAC2}"
EndProject
Project("{FAE04EC0-301F-11D3-BF4B-00C04F79EFBC}") = "Common.Net.Request", "Common.Net.Request\Common.Net.Request.csproj", "{5C47AAB7-E5A4-4AAA-BDD8-CA229A60EB4B}"
EndProject
Project("{2150E333-8FDC-42A3-9474-1A3956D46DE8}") = "21-自动更新", "21-自动更新", "{1360EDC0-07C8-49E0-87EC-67ABD098D85C}"
EndProject
Project("{FAE04EC0-301F-11D3-BF4B-00C04F79EFBC}") = "AutoUpdate", "AutoUpdate\AutoUpdate.csproj", "{0CA4D9C4-F089-46BA-B5A3-D07ECEBFF913}"
EndProject
Project("{FAE04EC0-301F-11D3-BF4B-00C04F79EFBC}") = "ApiPatterns", "ApiPatterns\ApiPatterns.csproj", "{D5DEEA40-FC59-49B2-BDFB-F51D35EDD003}"
EndProject
Project("{FAE04EC0-301F-11D3-BF4B-00C04F79EFBC}") = "PostSharpTest", "PostSharpTest\PostSharpTest.csproj", "{DFA7C3B9-451E-4109-9327-87D93BFE6BBE}"
EndProject
Project("{FAE04EC0-301F-11D3-BF4B-00C04F79EFBC}") = "WebApiDemo", "WebApiDemo\WebApiDemo.csproj", "{82678AEF-0D7B-476D-9769-BC886129F4D6}"
EndProject
Project("{2150E333-8FDC-42A3-9474-1A3956D46DE8}") = "设计模式", "设计模式", "{6797C38C-4372-471D-8EBB-8218FDA5C31D}"
EndProject
Project("{2150E333-8FDC-42A3-9474-1A3956D46DE8}") = "22-Responsibility(责任链模式)", "22-Responsibility(责任链模式)", "{CEF1CC56-0642-40B4-A68B-3B06145E6DFC}"
EndProject
Project("{FAE04EC0-301F-11D3-BF4B-00C04F79EFBC}") = "ResponsibilityPatterns", "ResponsibilityPatterns\ResponsibilityPatterns.csproj", "{8CC2EAA5-EA99-4CF2-86B1-C3403BA3EFE1}"
EndProject
Global
	GlobalSection(SolutionConfigurationPlatforms) = preSolution
		Debug|Any CPU = Debug|Any CPU
		Release|Any CPU = Release|Any CPU
	EndGlobalSection
	GlobalSection(ProjectConfigurationPlatforms) = postSolution
		{64E70C4B-B419-4754-898D-8B1227208C07}.Debug|Any CPU.ActiveCfg = Debug|Any CPU
		{64E70C4B-B419-4754-898D-8B1227208C07}.Debug|Any CPU.Build.0 = Debug|Any CPU
		{64E70C4B-B419-4754-898D-8B1227208C07}.Release|Any CPU.ActiveCfg = Release|Any CPU
		{64E70C4B-B419-4754-898D-8B1227208C07}.Release|Any CPU.Build.0 = Release|Any CPU
		{0F9814B0-5930-424A-93FE-F5401318F4CA}.Debug|Any CPU.ActiveCfg = Debug|Any CPU
		{0F9814B0-5930-424A-93FE-F5401318F4CA}.Debug|Any CPU.Build.0 = Debug|Any CPU
		{0F9814B0-5930-424A-93FE-F5401318F4CA}.Release|Any CPU.ActiveCfg = Release|Any CPU
		{0F9814B0-5930-424A-93FE-F5401318F4CA}.Release|Any CPU.Build.0 = Release|Any CPU
		{0F195172-CCC7-4548-BDC0-8AB658635AB5}.Debug|Any CPU.ActiveCfg = Debug|Any CPU
		{0F195172-CCC7-4548-BDC0-8AB658635AB5}.Debug|Any CPU.Build.0 = Debug|Any CPU
		{0F195172-CCC7-4548-BDC0-8AB658635AB5}.Release|Any CPU.ActiveCfg = Release|Any CPU
		{0F195172-CCC7-4548-BDC0-8AB658635AB5}.Release|Any CPU.Build.0 = Release|Any CPU
		{D3BE038E-C431-4F37-BF0B-95F7B91D5501}.Debug|Any CPU.ActiveCfg = Debug|Any CPU
		{D3BE038E-C431-4F37-BF0B-95F7B91D5501}.Debug|Any CPU.Build.0 = Debug|Any CPU
		{D3BE038E-C431-4F37-BF0B-95F7B91D5501}.Release|Any CPU.ActiveCfg = Release|Any CPU
		{D3BE038E-C431-4F37-BF0B-95F7B91D5501}.Release|Any CPU.Build.0 = Release|Any CPU
		{FC7B5969-2514-44E4-A964-2460CCECE308}.Debug|Any CPU.ActiveCfg = Debug|Any CPU
		{FC7B5969-2514-44E4-A964-2460CCECE308}.Debug|Any CPU.Build.0 = Debug|Any CPU
		{FC7B5969-2514-44E4-A964-2460CCECE308}.Release|Any CPU.ActiveCfg = Release|Any CPU
		{FC7B5969-2514-44E4-A964-2460CCECE308}.Release|Any CPU.Build.0 = Release|Any CPU
		{266DE878-D73F-4C45-B3DD-036FB9BEEDAC}.Debug|Any CPU.ActiveCfg = Debug|Any CPU
		{266DE878-D73F-4C45-B3DD-036FB9BEEDAC}.Debug|Any CPU.Build.0 = Debug|Any CPU
		{266DE878-D73F-4C45-B3DD-036FB9BEEDAC}.Release|Any CPU.ActiveCfg = Release|Any CPU
		{266DE878-D73F-4C45-B3DD-036FB9BEEDAC}.Release|Any CPU.Build.0 = Release|Any CPU
		{4B59AE9E-CBB4-4007-86EA-8022528BA16A}.Debug|Any CPU.ActiveCfg = Debug|Any CPU
		{4B59AE9E-CBB4-4007-86EA-8022528BA16A}.Debug|Any CPU.Build.0 = Debug|Any CPU
		{4B59AE9E-CBB4-4007-86EA-8022528BA16A}.Release|Any CPU.ActiveCfg = Release|Any CPU
		{4B59AE9E-CBB4-4007-86EA-8022528BA16A}.Release|Any CPU.Build.0 = Release|Any CPU
		{C965D17C-E47A-4AE4-AD13-5273E3111174}.Debug|Any CPU.ActiveCfg = Debug|Any CPU
		{C965D17C-E47A-4AE4-AD13-5273E3111174}.Debug|Any CPU.Build.0 = Debug|Any CPU
		{C965D17C-E47A-4AE4-AD13-5273E3111174}.Release|Any CPU.ActiveCfg = Release|Any CPU
		{C965D17C-E47A-4AE4-AD13-5273E3111174}.Release|Any CPU.Build.0 = Release|Any CPU
		{A4C33AD7-E4CD-4620-AED6-8DFDFDF26C78}.Debug|Any CPU.ActiveCfg = Debug|Any CPU
		{A4C33AD7-E4CD-4620-AED6-8DFDFDF26C78}.Debug|Any CPU.Build.0 = Debug|Any CPU
		{A4C33AD7-E4CD-4620-AED6-8DFDFDF26C78}.Release|Any CPU.ActiveCfg = Release|Any CPU
		{A4C33AD7-E4CD-4620-AED6-8DFDFDF26C78}.Release|Any CPU.Build.0 = Release|Any CPU
		{D3826652-D714-4892-868B-5022CAD33B15}.Debug|Any CPU.ActiveCfg = Debug|Any CPU
		{D3826652-D714-4892-868B-5022CAD33B15}.Debug|Any CPU.Build.0 = Debug|Any CPU
		{D3826652-D714-4892-868B-5022CAD33B15}.Release|Any CPU.ActiveCfg = Release|Any CPU
		{D3826652-D714-4892-868B-5022CAD33B15}.Release|Any CPU.Build.0 = Release|Any CPU
		{19B5FF55-C1DB-4C8C-AB2E-63B682BA8553}.Debug|Any CPU.ActiveCfg = Debug|Any CPU
		{19B5FF55-C1DB-4C8C-AB2E-63B682BA8553}.Debug|Any CPU.Build.0 = Debug|Any CPU
		{19B5FF55-C1DB-4C8C-AB2E-63B682BA8553}.Release|Any CPU.ActiveCfg = Release|Any CPU
		{19B5FF55-C1DB-4C8C-AB2E-63B682BA8553}.Release|Any CPU.Build.0 = Release|Any CPU
		{F1C3AB58-BD2D-460B-B184-DE0DB53AE2EF}.Debug|Any CPU.ActiveCfg = Debug|Any CPU
		{F1C3AB58-BD2D-460B-B184-DE0DB53AE2EF}.Debug|Any CPU.Build.0 = Debug|Any CPU
		{F1C3AB58-BD2D-460B-B184-DE0DB53AE2EF}.Release|Any CPU.ActiveCfg = Release|Any CPU
		{F1C3AB58-BD2D-460B-B184-DE0DB53AE2EF}.Release|Any CPU.Build.0 = Release|Any CPU
		{35F32078-2192-4436-962C-5B71690A4C36}.Debug|Any CPU.ActiveCfg = Debug|Any CPU
		{35F32078-2192-4436-962C-5B71690A4C36}.Debug|Any CPU.Build.0 = Debug|Any CPU
		{35F32078-2192-4436-962C-5B71690A4C36}.Release|Any CPU.ActiveCfg = Release|Any CPU
		{35F32078-2192-4436-962C-5B71690A4C36}.Release|Any CPU.Build.0 = Release|Any CPU
		{00A88BDB-DD25-4AE0-B7F3-A9ACC7CEB4A8}.Debug|Any CPU.ActiveCfg = Debug|Any CPU
		{00A88BDB-DD25-4AE0-B7F3-A9ACC7CEB4A8}.Debug|Any CPU.Build.0 = Debug|Any CPU
		{00A88BDB-DD25-4AE0-B7F3-A9ACC7CEB4A8}.Release|Any CPU.ActiveCfg = Release|Any CPU
		{00A88BDB-DD25-4AE0-B7F3-A9ACC7CEB4A8}.Release|Any CPU.Build.0 = Release|Any CPU
		{1E8B0B24-3319-4729-BFDD-B305CDFBD64B}.Debug|Any CPU.ActiveCfg = Debug|Any CPU
		{1E8B0B24-3319-4729-BFDD-B305CDFBD64B}.Debug|Any CPU.Build.0 = Debug|Any CPU
		{1E8B0B24-3319-4729-BFDD-B305CDFBD64B}.Release|Any CPU.ActiveCfg = Release|Any CPU
		{1E8B0B24-3319-4729-BFDD-B305CDFBD64B}.Release|Any CPU.Build.0 = Release|Any CPU
		{FA52BB9E-8BDC-4F1C-AB80-0C640BE5C7CA}.Debug|Any CPU.ActiveCfg = Debug|Any CPU
		{FA52BB9E-8BDC-4F1C-AB80-0C640BE5C7CA}.Debug|Any CPU.Build.0 = Debug|Any CPU
		{FA52BB9E-8BDC-4F1C-AB80-0C640BE5C7CA}.Release|Any CPU.ActiveCfg = Release|Any CPU
		{FA52BB9E-8BDC-4F1C-AB80-0C640BE5C7CA}.Release|Any CPU.Build.0 = Release|Any CPU
		{B9833D73-AFA4-4DF7-B002-263F0BD883FD}.Debug|Any CPU.ActiveCfg = Debug|Any CPU
		{B9833D73-AFA4-4DF7-B002-263F0BD883FD}.Debug|Any CPU.Build.0 = Debug|Any CPU
		{B9833D73-AFA4-4DF7-B002-263F0BD883FD}.Release|Any CPU.ActiveCfg = Release|Any CPU
		{B9833D73-AFA4-4DF7-B002-263F0BD883FD}.Release|Any CPU.Build.0 = Release|Any CPU
		{8D732572-2410-4F57-83E4-B90A748B66DC}.Debug|Any CPU.ActiveCfg = Debug|Any CPU
		{8D732572-2410-4F57-83E4-B90A748B66DC}.Debug|Any CPU.Build.0 = Debug|Any CPU
		{8D732572-2410-4F57-83E4-B90A748B66DC}.Release|Any CPU.ActiveCfg = Release|Any CPU
		{8D732572-2410-4F57-83E4-B90A748B66DC}.Release|Any CPU.Build.0 = Release|Any CPU
		{48E172EF-58AD-437B-AD2E-BA115E17EBDF}.Debug|Any CPU.ActiveCfg = Debug|Any CPU
		{48E172EF-58AD-437B-AD2E-BA115E17EBDF}.Debug|Any CPU.Build.0 = Debug|Any CPU
		{48E172EF-58AD-437B-AD2E-BA115E17EBDF}.Release|Any CPU.ActiveCfg = Release|Any CPU
		{48E172EF-58AD-437B-AD2E-BA115E17EBDF}.Release|Any CPU.Build.0 = Release|Any CPU
		{03FC6468-34C1-445A-92A8-BD1D1A3EDBED}.Debug|Any CPU.ActiveCfg = Debug|Any CPU
		{03FC6468-34C1-445A-92A8-BD1D1A3EDBED}.Debug|Any CPU.Build.0 = Debug|Any CPU
		{03FC6468-34C1-445A-92A8-BD1D1A3EDBED}.Release|Any CPU.ActiveCfg = Release|Any CPU
		{03FC6468-34C1-445A-92A8-BD1D1A3EDBED}.Release|Any CPU.Build.0 = Release|Any CPU
		{0B980AC1-EDC9-4F2A-82CC-10C4A85E301A}.Debug|Any CPU.ActiveCfg = Debug|Any CPU
		{0B980AC1-EDC9-4F2A-82CC-10C4A85E301A}.Debug|Any CPU.Build.0 = Debug|Any CPU
		{0B980AC1-EDC9-4F2A-82CC-10C4A85E301A}.Release|Any CPU.ActiveCfg = Release|Any CPU
		{0B980AC1-EDC9-4F2A-82CC-10C4A85E301A}.Release|Any CPU.Build.0 = Release|Any CPU
		{E083C93A-C7CE-4232-BB3E-8B0445ED44ED}.Debug|Any CPU.ActiveCfg = Debug|Any CPU
		{E083C93A-C7CE-4232-BB3E-8B0445ED44ED}.Debug|Any CPU.Build.0 = Debug|Any CPU
		{E083C93A-C7CE-4232-BB3E-8B0445ED44ED}.Release|Any CPU.ActiveCfg = Release|Any CPU
		{E083C93A-C7CE-4232-BB3E-8B0445ED44ED}.Release|Any CPU.Build.0 = Release|Any CPU
		{8F157CAB-B96F-4C4D-A872-47BE38ADE2AA}.Debug|Any CPU.ActiveCfg = Debug|Any CPU
		{8F157CAB-B96F-4C4D-A872-47BE38ADE2AA}.Debug|Any CPU.Build.0 = Debug|Any CPU
		{8F157CAB-B96F-4C4D-A872-47BE38ADE2AA}.Release|Any CPU.ActiveCfg = Release|Any CPU
		{8F157CAB-B96F-4C4D-A872-47BE38ADE2AA}.Release|Any CPU.Build.0 = Release|Any CPU
		{ED578CFD-B553-4C43-91F0-A7138E3E3A23}.Debug|Any CPU.ActiveCfg = Debug|Any CPU
		{ED578CFD-B553-4C43-91F0-A7138E3E3A23}.Debug|Any CPU.Build.0 = Debug|Any CPU
		{ED578CFD-B553-4C43-91F0-A7138E3E3A23}.Release|Any CPU.ActiveCfg = Release|Any CPU
		{ED578CFD-B553-4C43-91F0-A7138E3E3A23}.Release|Any CPU.Build.0 = Release|Any CPU
		{A1B94441-30CF-4471-8DA7-EF0265184623}.Debug|Any CPU.ActiveCfg = Debug|Any CPU
		{A1B94441-30CF-4471-8DA7-EF0265184623}.Debug|Any CPU.Build.0 = Debug|Any CPU
		{A1B94441-30CF-4471-8DA7-EF0265184623}.Release|Any CPU.ActiveCfg = Release|Any CPU
		{A1B94441-30CF-4471-8DA7-EF0265184623}.Release|Any CPU.Build.0 = Release|Any CPU
		{2675812C-DFE1-4EDE-9B33-37EE0C714B26}.Debug|Any CPU.ActiveCfg = Debug|Any CPU
		{2675812C-DFE1-4EDE-9B33-37EE0C714B26}.Debug|Any CPU.Build.0 = Debug|Any CPU
		{2675812C-DFE1-4EDE-9B33-37EE0C714B26}.Release|Any CPU.ActiveCfg = Release|Any CPU
		{2675812C-DFE1-4EDE-9B33-37EE0C714B26}.Release|Any CPU.Build.0 = Release|Any CPU
		{7E4CCB98-8F8E-4400-9814-C2FE7C5280F4}.Debug|Any CPU.ActiveCfg = Debug|Any CPU
		{7E4CCB98-8F8E-4400-9814-C2FE7C5280F4}.Debug|Any CPU.Build.0 = Debug|Any CPU
		{7E4CCB98-8F8E-4400-9814-C2FE7C5280F4}.Release|Any CPU.ActiveCfg = Release|Any CPU
		{7E4CCB98-8F8E-4400-9814-C2FE7C5280F4}.Release|Any CPU.Build.0 = Release|Any CPU
		{58C237DD-C805-4DE7-80DB-974F62EA1895}.Debug|Any CPU.ActiveCfg = Debug|Any CPU
		{58C237DD-C805-4DE7-80DB-974F62EA1895}.Debug|Any CPU.Build.0 = Debug|Any CPU
		{58C237DD-C805-4DE7-80DB-974F62EA1895}.Release|Any CPU.ActiveCfg = Release|Any CPU
		{58C237DD-C805-4DE7-80DB-974F62EA1895}.Release|Any CPU.Build.0 = Release|Any CPU
		{635F676F-D314-48CD-A6D9-6F7E9CF13047}.Debug|Any CPU.ActiveCfg = Debug|Any CPU
		{635F676F-D314-48CD-A6D9-6F7E9CF13047}.Debug|Any CPU.Build.0 = Debug|Any CPU
		{635F676F-D314-48CD-A6D9-6F7E9CF13047}.Release|Any CPU.ActiveCfg = Release|Any CPU
		{635F676F-D314-48CD-A6D9-6F7E9CF13047}.Release|Any CPU.Build.0 = Release|Any CPU
		{2FD84C66-477B-40CD-986E-FFB1B89DDE54}.Debug|Any CPU.ActiveCfg = Debug|Any CPU
		{2FD84C66-477B-40CD-986E-FFB1B89DDE54}.Debug|Any CPU.Build.0 = Debug|Any CPU
		{2FD84C66-477B-40CD-986E-FFB1B89DDE54}.Release|Any CPU.ActiveCfg = Release|Any CPU
		{2FD84C66-477B-40CD-986E-FFB1B89DDE54}.Release|Any CPU.Build.0 = Release|Any CPU
		{2553627E-B8D7-4DB7-BA77-053E793D8191}.Debug|Any CPU.ActiveCfg = Debug|Any CPU
		{2553627E-B8D7-4DB7-BA77-053E793D8191}.Debug|Any CPU.Build.0 = Debug|Any CPU
		{2553627E-B8D7-4DB7-BA77-053E793D8191}.Release|Any CPU.ActiveCfg = Release|Any CPU
		{2553627E-B8D7-4DB7-BA77-053E793D8191}.Release|Any CPU.Build.0 = Release|Any CPU
		{AA3AF3AB-6C8A-49A6-AD07-7EAE0D1539B6}.Debug|Any CPU.ActiveCfg = Debug|Any CPU
		{AA3AF3AB-6C8A-49A6-AD07-7EAE0D1539B6}.Debug|Any CPU.Build.0 = Debug|Any CPU
		{AA3AF3AB-6C8A-49A6-AD07-7EAE0D1539B6}.Release|Any CPU.ActiveCfg = Release|Any CPU
		{AA3AF3AB-6C8A-49A6-AD07-7EAE0D1539B6}.Release|Any CPU.Build.0 = Release|Any CPU
		{0AE55D16-5A0E-487A-B0C8-51FF0012D57D}.Debug|Any CPU.ActiveCfg = Debug|Any CPU
		{0AE55D16-5A0E-487A-B0C8-51FF0012D57D}.Debug|Any CPU.Build.0 = Debug|Any CPU
		{0AE55D16-5A0E-487A-B0C8-51FF0012D57D}.Release|Any CPU.ActiveCfg = Release|Any CPU
		{0AE55D16-5A0E-487A-B0C8-51FF0012D57D}.Release|Any CPU.Build.0 = Release|Any CPU
		{A6A22B02-D007-4738-9C6A-D8E6DD67D132}.Debug|Any CPU.ActiveCfg = Debug|Any CPU
		{A6A22B02-D007-4738-9C6A-D8E6DD67D132}.Debug|Any CPU.Build.0 = Debug|Any CPU
		{A6A22B02-D007-4738-9C6A-D8E6DD67D132}.Release|Any CPU.ActiveCfg = Release|Any CPU
		{A6A22B02-D007-4738-9C6A-D8E6DD67D132}.Release|Any CPU.Build.0 = Release|Any CPU
		{0F4BB0E9-1A2B-4097-BC2E-7795E09B8531}.Debug|Any CPU.ActiveCfg = Debug|Any CPU
		{0F4BB0E9-1A2B-4097-BC2E-7795E09B8531}.Debug|Any CPU.Build.0 = Debug|Any CPU
		{0F4BB0E9-1A2B-4097-BC2E-7795E09B8531}.Release|Any CPU.ActiveCfg = Release|Any CPU
		{0F4BB0E9-1A2B-4097-BC2E-7795E09B8531}.Release|Any CPU.Build.0 = Release|Any CPU
		{27E950A1-303C-402B-9844-F282773E08C6}.Debug|Any CPU.ActiveCfg = Debug|Any CPU
		{27E950A1-303C-402B-9844-F282773E08C6}.Debug|Any CPU.Build.0 = Debug|Any CPU
		{27E950A1-303C-402B-9844-F282773E08C6}.Release|Any CPU.ActiveCfg = Release|Any CPU
		{27E950A1-303C-402B-9844-F282773E08C6}.Release|Any CPU.Build.0 = Release|Any CPU
		{90B23636-C8F3-4A0B-8244-129937B59DF9}.Debug|Any CPU.ActiveCfg = Debug|Any CPU
		{90B23636-C8F3-4A0B-8244-129937B59DF9}.Debug|Any CPU.Build.0 = Debug|Any CPU
		{90B23636-C8F3-4A0B-8244-129937B59DF9}.Release|Any CPU.ActiveCfg = Release|Any CPU
		{90B23636-C8F3-4A0B-8244-129937B59DF9}.Release|Any CPU.Build.0 = Release|Any CPU
		{38521221-C6D6-493C-A346-D591CA552D13}.Debug|Any CPU.ActiveCfg = Debug|Any CPU
		{38521221-C6D6-493C-A346-D591CA552D13}.Debug|Any CPU.Build.0 = Debug|Any CPU
		{38521221-C6D6-493C-A346-D591CA552D13}.Release|Any CPU.ActiveCfg = Release|Any CPU
		{38521221-C6D6-493C-A346-D591CA552D13}.Release|Any CPU.Build.0 = Release|Any CPU
		{668D376F-2FD2-498F-9329-7BB32C61E48C}.Debug|Any CPU.ActiveCfg = Debug|Any CPU
		{668D376F-2FD2-498F-9329-7BB32C61E48C}.Debug|Any CPU.Build.0 = Debug|Any CPU
		{668D376F-2FD2-498F-9329-7BB32C61E48C}.Release|Any CPU.ActiveCfg = Release|Any CPU
		{668D376F-2FD2-498F-9329-7BB32C61E48C}.Release|Any CPU.Build.0 = Release|Any CPU
		{9AB15F37-D2BE-4A50-8434-0D4CA1A3462D}.Debug|Any CPU.ActiveCfg = Debug|Any CPU
		{9AB15F37-D2BE-4A50-8434-0D4CA1A3462D}.Debug|Any CPU.Build.0 = Debug|Any CPU
		{9AB15F37-D2BE-4A50-8434-0D4CA1A3462D}.Release|Any CPU.ActiveCfg = Release|Any CPU
		{9AB15F37-D2BE-4A50-8434-0D4CA1A3462D}.Release|Any CPU.Build.0 = Release|Any CPU
		{D7591650-0FDD-415E-A3BD-42FD5659C9E9}.Debug|Any CPU.ActiveCfg = Debug|Any CPU
		{D7591650-0FDD-415E-A3BD-42FD5659C9E9}.Debug|Any CPU.Build.0 = Debug|Any CPU
		{D7591650-0FDD-415E-A3BD-42FD5659C9E9}.Release|Any CPU.ActiveCfg = Release|Any CPU
		{D7591650-0FDD-415E-A3BD-42FD5659C9E9}.Release|Any CPU.Build.0 = Release|Any CPU
		{3EEE7056-A137-4313-8D8F-F6B77B50FE29}.Debug|Any CPU.ActiveCfg = Debug|Any CPU
		{3EEE7056-A137-4313-8D8F-F6B77B50FE29}.Debug|Any CPU.Build.0 = Debug|Any CPU
		{3EEE7056-A137-4313-8D8F-F6B77B50FE29}.Release|Any CPU.ActiveCfg = Release|Any CPU
		{3EEE7056-A137-4313-8D8F-F6B77B50FE29}.Release|Any CPU.Build.0 = Release|Any CPU
		{B8389EB9-911A-4A27-9B01-6DA397272243}.Debug|Any CPU.ActiveCfg = Debug|Any CPU
		{B8389EB9-911A-4A27-9B01-6DA397272243}.Debug|Any CPU.Build.0 = Debug|Any CPU
		{B8389EB9-911A-4A27-9B01-6DA397272243}.Release|Any CPU.ActiveCfg = Release|Any CPU
		{B8389EB9-911A-4A27-9B01-6DA397272243}.Release|Any CPU.Build.0 = Release|Any CPU
		{DADBC82F-85C6-4FC6-B2F8-A5EDC983D7A6}.Debug|Any CPU.ActiveCfg = Debug|Any CPU
		{DADBC82F-85C6-4FC6-B2F8-A5EDC983D7A6}.Debug|Any CPU.Build.0 = Debug|Any CPU
		{DADBC82F-85C6-4FC6-B2F8-A5EDC983D7A6}.Release|Any CPU.ActiveCfg = Release|Any CPU
		{DADBC82F-85C6-4FC6-B2F8-A5EDC983D7A6}.Release|Any CPU.Build.0 = Release|Any CPU
		{A80E7F8F-4772-4C3D-8DB0-D093A993A898}.Debug|Any CPU.ActiveCfg = Debug|Any CPU
		{A80E7F8F-4772-4C3D-8DB0-D093A993A898}.Debug|Any CPU.Build.0 = Debug|Any CPU
		{A80E7F8F-4772-4C3D-8DB0-D093A993A898}.Release|Any CPU.ActiveCfg = Release|Any CPU
		{A80E7F8F-4772-4C3D-8DB0-D093A993A898}.Release|Any CPU.Build.0 = Release|Any CPU
		{FCDF5F9D-0120-4338-8907-810EADA41ECE}.Debug|Any CPU.ActiveCfg = Debug|Any CPU
		{FCDF5F9D-0120-4338-8907-810EADA41ECE}.Debug|Any CPU.Build.0 = Debug|Any CPU
		{FCDF5F9D-0120-4338-8907-810EADA41ECE}.Release|Any CPU.ActiveCfg = Release|Any CPU
		{FCDF5F9D-0120-4338-8907-810EADA41ECE}.Release|Any CPU.Build.0 = Release|Any CPU
		{7AC954FE-7B16-4573-9D31-470710E01946}.Debug|Any CPU.ActiveCfg = Debug|Any CPU
		{7AC954FE-7B16-4573-9D31-470710E01946}.Debug|Any CPU.Build.0 = Debug|Any CPU
		{7AC954FE-7B16-4573-9D31-470710E01946}.Release|Any CPU.ActiveCfg = Release|Any CPU
		{7AC954FE-7B16-4573-9D31-470710E01946}.Release|Any CPU.Build.0 = Release|Any CPU
		{3DE167EC-3378-4674-9A00-FB0144B5A196}.Debug|Any CPU.ActiveCfg = Debug|Any CPU
		{3DE167EC-3378-4674-9A00-FB0144B5A196}.Debug|Any CPU.Build.0 = Debug|Any CPU
		{3DE167EC-3378-4674-9A00-FB0144B5A196}.Release|Any CPU.ActiveCfg = Release|Any CPU
		{3DE167EC-3378-4674-9A00-FB0144B5A196}.Release|Any CPU.Build.0 = Release|Any CPU
		{9BB88D1C-EE34-4B14-A20E-F35E9F6AE999}.Debug|Any CPU.ActiveCfg = Debug|Any CPU
		{9BB88D1C-EE34-4B14-A20E-F35E9F6AE999}.Debug|Any CPU.Build.0 = Debug|Any CPU
		{9BB88D1C-EE34-4B14-A20E-F35E9F6AE999}.Release|Any CPU.ActiveCfg = Release|Any CPU
		{9BB88D1C-EE34-4B14-A20E-F35E9F6AE999}.Release|Any CPU.Build.0 = Release|Any CPU
		{499EB63C-D74C-47E8-AE48-A2FC94538E9D}.Debug|Any CPU.ActiveCfg = Debug|Any CPU
		{499EB63C-D74C-47E8-AE48-A2FC94538E9D}.Debug|Any CPU.Build.0 = Debug|Any CPU
		{499EB63C-D74C-47E8-AE48-A2FC94538E9D}.Release|Any CPU.ActiveCfg = Release|Any CPU
		{499EB63C-D74C-47E8-AE48-A2FC94538E9D}.Release|Any CPU.Build.0 = Release|Any CPU
		{CD20B64B-6936-4858-892B-BC379F3F65AC}.Debug|Any CPU.ActiveCfg = Debug|Any CPU
		{CD20B64B-6936-4858-892B-BC379F3F65AC}.Debug|Any CPU.Build.0 = Debug|Any CPU
		{CD20B64B-6936-4858-892B-BC379F3F65AC}.Release|Any CPU.ActiveCfg = Release|Any CPU
		{CD20B64B-6936-4858-892B-BC379F3F65AC}.Release|Any CPU.Build.0 = Release|Any CPU
		{9956237A-1732-4273-A8A4-921155759B34}.Debug|Any CPU.ActiveCfg = Debug|Any CPU
		{9956237A-1732-4273-A8A4-921155759B34}.Debug|Any CPU.Build.0 = Debug|Any CPU
		{9956237A-1732-4273-A8A4-921155759B34}.Release|Any CPU.ActiveCfg = Release|Any CPU
		{9956237A-1732-4273-A8A4-921155759B34}.Release|Any CPU.Build.0 = Release|Any CPU
		{48DD757F-CA95-4DD7-BDA4-58DB6F108C2C}.Debug|Any CPU.ActiveCfg = Debug|Any CPU
		{48DD757F-CA95-4DD7-BDA4-58DB6F108C2C}.Debug|Any CPU.Build.0 = Debug|Any CPU
		{48DD757F-CA95-4DD7-BDA4-58DB6F108C2C}.Release|Any CPU.ActiveCfg = Release|Any CPU
		{48DD757F-CA95-4DD7-BDA4-58DB6F108C2C}.Release|Any CPU.Build.0 = Release|Any CPU
		{E51EE8BD-713C-4EA3-B02A-2FAB5F010B44}.Debug|Any CPU.ActiveCfg = Debug|Any CPU
		{E51EE8BD-713C-4EA3-B02A-2FAB5F010B44}.Debug|Any CPU.Build.0 = Debug|Any CPU
		{E51EE8BD-713C-4EA3-B02A-2FAB5F010B44}.Release|Any CPU.ActiveCfg = Release|Any CPU
		{E51EE8BD-713C-4EA3-B02A-2FAB5F010B44}.Release|Any CPU.Build.0 = Release|Any CPU
		{1FB1B10E-C08C-4886-87D7-3F2FEACF37E9}.Debug|Any CPU.ActiveCfg = Debug|Any CPU
		{1FB1B10E-C08C-4886-87D7-3F2FEACF37E9}.Debug|Any CPU.Build.0 = Debug|Any CPU
		{1FB1B10E-C08C-4886-87D7-3F2FEACF37E9}.Release|Any CPU.ActiveCfg = Release|Any CPU
		{1FB1B10E-C08C-4886-87D7-3F2FEACF37E9}.Release|Any CPU.Build.0 = Release|Any CPU
		{FACE1705-8A36-4A83-B87D-263545859A30}.Debug|Any CPU.ActiveCfg = Debug|Any CPU
		{FACE1705-8A36-4A83-B87D-263545859A30}.Debug|Any CPU.Build.0 = Debug|Any CPU
		{FACE1705-8A36-4A83-B87D-263545859A30}.Release|Any CPU.ActiveCfg = Release|Any CPU
		{FACE1705-8A36-4A83-B87D-263545859A30}.Release|Any CPU.Build.0 = Release|Any CPU
		{E226971D-8F14-45BB-AA8C-8CB4BB4FA671}.Debug|Any CPU.ActiveCfg = Debug|Any CPU
		{E226971D-8F14-45BB-AA8C-8CB4BB4FA671}.Debug|Any CPU.Build.0 = Debug|Any CPU
		{E226971D-8F14-45BB-AA8C-8CB4BB4FA671}.Release|Any CPU.ActiveCfg = Release|Any CPU
		{E226971D-8F14-45BB-AA8C-8CB4BB4FA671}.Release|Any CPU.Build.0 = Release|Any CPU
		{70998424-3BE6-4E15-B75C-2F512C64DAC2}.Debug|Any CPU.ActiveCfg = Debug|Any CPU
		{70998424-3BE6-4E15-B75C-2F512C64DAC2}.Debug|Any CPU.Build.0 = Debug|Any CPU
		{70998424-3BE6-4E15-B75C-2F512C64DAC2}.Release|Any CPU.ActiveCfg = Release|Any CPU
		{70998424-3BE6-4E15-B75C-2F512C64DAC2}.Release|Any CPU.Build.0 = Release|Any CPU
		{5C47AAB7-E5A4-4AAA-BDD8-CA229A60EB4B}.Debug|Any CPU.ActiveCfg = Debug|Any CPU
		{5C47AAB7-E5A4-4AAA-BDD8-CA229A60EB4B}.Debug|Any CPU.Build.0 = Debug|Any CPU
		{5C47AAB7-E5A4-4AAA-BDD8-CA229A60EB4B}.Release|Any CPU.ActiveCfg = Release|Any CPU
		{5C47AAB7-E5A4-4AAA-BDD8-CA229A60EB4B}.Release|Any CPU.Build.0 = Release|Any CPU
		{0CA4D9C4-F089-46BA-B5A3-D07ECEBFF913}.Debug|Any CPU.ActiveCfg = Debug|Any CPU
		{0CA4D9C4-F089-46BA-B5A3-D07ECEBFF913}.Debug|Any CPU.Build.0 = Debug|Any CPU
		{0CA4D9C4-F089-46BA-B5A3-D07ECEBFF913}.Release|Any CPU.ActiveCfg = Release|Any CPU
		{0CA4D9C4-F089-46BA-B5A3-D07ECEBFF913}.Release|Any CPU.Build.0 = Release|Any CPU
		{D5DEEA40-FC59-49B2-BDFB-F51D35EDD003}.Debug|Any CPU.ActiveCfg = Debug|Any CPU
		{D5DEEA40-FC59-49B2-BDFB-F51D35EDD003}.Debug|Any CPU.Build.0 = Debug|Any CPU
		{D5DEEA40-FC59-49B2-BDFB-F51D35EDD003}.Release|Any CPU.ActiveCfg = Release|Any CPU
		{D5DEEA40-FC59-49B2-BDFB-F51D35EDD003}.Release|Any CPU.Build.0 = Release|Any CPU
		{DFA7C3B9-451E-4109-9327-87D93BFE6BBE}.Debug|Any CPU.ActiveCfg = Debug|Any CPU
		{DFA7C3B9-451E-4109-9327-87D93BFE6BBE}.Debug|Any CPU.Build.0 = Debug|Any CPU
		{DFA7C3B9-451E-4109-9327-87D93BFE6BBE}.Release|Any CPU.ActiveCfg = Release|Any CPU
		{DFA7C3B9-451E-4109-9327-87D93BFE6BBE}.Release|Any CPU.Build.0 = Release|Any CPU
		{82678AEF-0D7B-476D-9769-BC886129F4D6}.Debug|Any CPU.ActiveCfg = Debug|Any CPU
		{82678AEF-0D7B-476D-9769-BC886129F4D6}.Debug|Any CPU.Build.0 = Debug|Any CPU
		{82678AEF-0D7B-476D-9769-BC886129F4D6}.Release|Any CPU.ActiveCfg = Release|Any CPU
		{82678AEF-0D7B-476D-9769-BC886129F4D6}.Release|Any CPU.Build.0 = Release|Any CPU
		{8CC2EAA5-EA99-4CF2-86B1-C3403BA3EFE1}.Debug|Any CPU.ActiveCfg = Debug|Any CPU
		{8CC2EAA5-EA99-4CF2-86B1-C3403BA3EFE1}.Debug|Any CPU.Build.0 = Debug|Any CPU
		{8CC2EAA5-EA99-4CF2-86B1-C3403BA3EFE1}.Release|Any CPU.ActiveCfg = Release|Any CPU
		{8CC2EAA5-EA99-4CF2-86B1-C3403BA3EFE1}.Release|Any CPU.Build.0 = Release|Any CPU
	EndGlobalSection
	GlobalSection(SolutionProperties) = preSolution
		HideSolutionNode = FALSE
	EndGlobalSection
	GlobalSection(NestedProjects) = preSolution
		{DD9174FB-6971-49F8-AFD1-C63FA7648501} = {6797C38C-4372-471D-8EBB-8218FDA5C31D}
		{0F9814B0-5930-424A-93FE-F5401318F4CA} = {DD9174FB-6971-49F8-AFD1-C63FA7648501}
		{2EDAE8A7-9622-42BE-BCE4-3F1F5E03DB1C} = {6797C38C-4372-471D-8EBB-8218FDA5C31D}
		{0F195172-CCC7-4548-BDC0-8AB658635AB5} = {2EDAE8A7-9622-42BE-BCE4-3F1F5E03DB1C}
		{2C762410-6970-473A-BA7E-4CE68980C3DA} = {6797C38C-4372-471D-8EBB-8218FDA5C31D}
		{D3BE038E-C431-4F37-BF0B-95F7B91D5501} = {2C762410-6970-473A-BA7E-4CE68980C3DA}
		{31DCAE9A-53C4-4FE1-AA76-3B6260424CE4} = {6797C38C-4372-471D-8EBB-8218FDA5C31D}
		{FC7B5969-2514-44E4-A964-2460CCECE308} = {31DCAE9A-53C4-4FE1-AA76-3B6260424CE4}
		{3EA049A9-6FC0-4CA7-9C26-713AA7B1E16A} = {6797C38C-4372-471D-8EBB-8218FDA5C31D}
		{266DE878-D73F-4C45-B3DD-036FB9BEEDAC} = {3EA049A9-6FC0-4CA7-9C26-713AA7B1E16A}
		{E3716009-E2D6-4E74-9456-DC105390F340} = {6797C38C-4372-471D-8EBB-8218FDA5C31D}
		{4B59AE9E-CBB4-4007-86EA-8022528BA16A} = {E3716009-E2D6-4E74-9456-DC105390F340}
		{C965D17C-E47A-4AE4-AD13-5273E3111174} = {239A00CA-10CF-437A-A94F-F0B1A6194A68}
		{A4C33AD7-E4CD-4620-AED6-8DFDFDF26C78} = {6C0C0DD2-57D6-49C6-BD28-AB87229FB0D0}
		{3224CCC3-3532-4170-8E95-9EB37C4DF1E0} = {6797C38C-4372-471D-8EBB-8218FDA5C31D}
		{D3826652-D714-4892-868B-5022CAD33B15} = {3224CCC3-3532-4170-8E95-9EB37C4DF1E0}
		{19B5FF55-C1DB-4C8C-AB2E-63B682BA8553} = {9E72FF51-803F-470B-9AC9-B0821990CA9F}
		{F1C3AB58-BD2D-460B-B184-DE0DB53AE2EF} = {2BB11AE2-D56F-4C51-A855-786C1EE6A5BD}
		{35F32078-2192-4436-962C-5B71690A4C36} = {F9D61C01-E3B5-472D-B0F9-59D04D8D1FB1}
		{00A88BDB-DD25-4AE0-B7F3-A9ACC7CEB4A8} = {2BB11AE2-D56F-4C51-A855-786C1EE6A5BD}
		{1E8B0B24-3319-4729-BFDD-B305CDFBD64B} = {2BB11AE2-D56F-4C51-A855-786C1EE6A5BD}
		{FA52BB9E-8BDC-4F1C-AB80-0C640BE5C7CA} = {2BB11AE2-D56F-4C51-A855-786C1EE6A5BD}
		{B9833D73-AFA4-4DF7-B002-263F0BD883FD} = {545EDD86-DD75-41A7-9F76-B6F056B1A95D}
		{8D732572-2410-4F57-83E4-B90A748B66DC} = {F9D61C01-E3B5-472D-B0F9-59D04D8D1FB1}
		{48E172EF-58AD-437B-AD2E-BA115E17EBDF} = {545EDD86-DD75-41A7-9F76-B6F056B1A95D}
		{03FC6468-34C1-445A-92A8-BD1D1A3EDBED} = {545EDD86-DD75-41A7-9F76-B6F056B1A95D}
		{0B980AC1-EDC9-4F2A-82CC-10C4A85E301A} = {545EDD86-DD75-41A7-9F76-B6F056B1A95D}
		{E083C93A-C7CE-4232-BB3E-8B0445ED44ED} = {9B2C74ED-CCF3-4965-83B4-10A832D3645F}
		{8F157CAB-B96F-4C4D-A872-47BE38ADE2AA} = {9B2C74ED-CCF3-4965-83B4-10A832D3645F}
		{ED578CFD-B553-4C43-91F0-A7138E3E3A23} = {9B2C74ED-CCF3-4965-83B4-10A832D3645F}
		{A1B94441-30CF-4471-8DA7-EF0265184623} = {9B2C74ED-CCF3-4965-83B4-10A832D3645F}
		{2675812C-DFE1-4EDE-9B33-37EE0C714B26} = {9B2C74ED-CCF3-4965-83B4-10A832D3645F}
		{7E4CCB98-8F8E-4400-9814-C2FE7C5280F4} = {9B2C74ED-CCF3-4965-83B4-10A832D3645F}
		{58C237DD-C805-4DE7-80DB-974F62EA1895} = {9B2C74ED-CCF3-4965-83B4-10A832D3645F}
		{635F676F-D314-48CD-A6D9-6F7E9CF13047} = {9B2C74ED-CCF3-4965-83B4-10A832D3645F}
		{2FD84C66-477B-40CD-986E-FFB1B89DDE54} = {9B2C74ED-CCF3-4965-83B4-10A832D3645F}
		{2553627E-B8D7-4DB7-BA77-053E793D8191} = {9B2C74ED-CCF3-4965-83B4-10A832D3645F}
		{AA3AF3AB-6C8A-49A6-AD07-7EAE0D1539B6} = {95044AAF-5C4F-4EE5-9B9A-5205FD229E9C}
		{0AE55D16-5A0E-487A-B0C8-51FF0012D57D} = {2BB11AE2-D56F-4C51-A855-786C1EE6A5BD}
		{A6A22B02-D007-4738-9C6A-D8E6DD67D132} = {AC0B9422-35BB-45E3-A19F-516ADC5A8310}
		{0F4BB0E9-1A2B-4097-BC2E-7795E09B8531} = {2BB11AE2-D56F-4C51-A855-786C1EE6A5BD}
		{27E950A1-303C-402B-9844-F282773E08C6} = {DE448DD8-D645-4209-A465-75AA7BDEEC92}
		{90B23636-C8F3-4A0B-8244-129937B59DF9} = {047DA998-D0D4-42F1-A0B2-2C3F847CC206}
		{38521221-C6D6-493C-A346-D591CA552D13} = {F9D61C01-E3B5-472D-B0F9-59D04D8D1FB1}
		{668D376F-2FD2-498F-9329-7BB32C61E48C} = {00F38FB8-6187-491E-AE34-C49105CE3D27}
		{9AB15F37-D2BE-4A50-8434-0D4CA1A3462D} = {00F38FB8-6187-491E-AE34-C49105CE3D27}
		{D7591650-0FDD-415E-A3BD-42FD5659C9E9} = {00F38FB8-6187-491E-AE34-C49105CE3D27}
		{3EEE7056-A137-4313-8D8F-F6B77B50FE29} = {AC0B9422-35BB-45E3-A19F-516ADC5A8310}
		{B8389EB9-911A-4A27-9B01-6DA397272243} = {87491050-D4C8-448B-A0C0-AB97191CB52F}
		{DADBC82F-85C6-4FC6-B2F8-A5EDC983D7A6} = {2BB11AE2-D56F-4C51-A855-786C1EE6A5BD}
		{A80E7F8F-4772-4C3D-8DB0-D093A993A898} = {2BB11AE2-D56F-4C51-A855-786C1EE6A5BD}
		{FCDF5F9D-0120-4338-8907-810EADA41ECE} = {2BB11AE2-D56F-4C51-A855-786C1EE6A5BD}
		{7AC954FE-7B16-4573-9D31-470710E01946} = {2D306B81-5791-49E8-B3BC-80115CDD8D1B}
		{3DE167EC-3378-4674-9A00-FB0144B5A196} = {2D306B81-5791-49E8-B3BC-80115CDD8D1B}
		{9BB88D1C-EE34-4B14-A20E-F35E9F6AE999} = {2D306B81-5791-49E8-B3BC-80115CDD8D1B}
		{499EB63C-D74C-47E8-AE48-A2FC94538E9D} = {2D306B81-5791-49E8-B3BC-80115CDD8D1B}
		{CD20B64B-6936-4858-892B-BC379F3F65AC} = {2D306B81-5791-49E8-B3BC-80115CDD8D1B}
		{9956237A-1732-4273-A8A4-921155759B34} = {2D306B81-5791-49E8-B3BC-80115CDD8D1B}
		{48DD757F-CA95-4DD7-BDA4-58DB6F108C2C} = {2D306B81-5791-49E8-B3BC-80115CDD8D1B}
		{E51EE8BD-713C-4EA3-B02A-2FAB5F010B44} = {2BB11AE2-D56F-4C51-A855-786C1EE6A5BD}
		{1FB1B10E-C08C-4886-87D7-3F2FEACF37E9} = {2BB11AE2-D56F-4C51-A855-786C1EE6A5BD}
		{FACE1705-8A36-4A83-B87D-263545859A30} = {98E44B19-699B-4754-946F-745E78586976}
		{E226971D-8F14-45BB-AA8C-8CB4BB4FA671} = {2BB11AE2-D56F-4C51-A855-786C1EE6A5BD}
		{70998424-3BE6-4E15-B75C-2F512C64DAC2} = {DE448DD8-D645-4209-A465-75AA7BDEEC92}
		{5C47AAB7-E5A4-4AAA-BDD8-CA229A60EB4B} = {2BB11AE2-D56F-4C51-A855-786C1EE6A5BD}
		{0CA4D9C4-F089-46BA-B5A3-D07ECEBFF913} = {1360EDC0-07C8-49E0-87EC-67ABD098D85C}
		{D5DEEA40-FC59-49B2-BDFB-F51D35EDD003} = {1360EDC0-07C8-49E0-87EC-67ABD098D85C}
		{DFA7C3B9-451E-4109-9327-87D93BFE6BBE} = {1360EDC0-07C8-49E0-87EC-67ABD098D85C}
		{82678AEF-0D7B-476D-9769-BC886129F4D6} = {047DA998-D0D4-42F1-A0B2-2C3F847CC206}
		{CEF1CC56-0642-40B4-A68B-3B06145E6DFC} = {6797C38C-4372-471D-8EBB-8218FDA5C31D}
		{8CC2EAA5-EA99-4CF2-86B1-C3403BA3EFE1} = {CEF1CC56-0642-40B4-A68B-3B06145E6DFC}
	EndGlobalSection
EndGlobal
